# This file is automatically @generated by Cargo.
# It is not intended for manual editing.
version = 3

[[package]]
name = "ascii"
version = "1.1.0"
source = "registry+https://github.com/rust-lang/crates.io-index"
checksum = "d92bec98840b8f03a5ff5413de5293bfcd8bf96467cf5452609f939ec6f5de16"

[[package]]
name = "autocfg"
version = "1.1.0"
source = "registry+https://github.com/rust-lang/crates.io-index"
checksum = "d468802bab17cbc0cc575e9b053f41e72aa36bfa6b7f55e3529ffa43161b97fa"

[[package]]
name = "blue-green"
version = "0.1.0"
dependencies = [
 "chrono",
 "signal-hook",
 "tiny_http",
]

[[package]]
name = "chrono"
version = "0.4.35"
source = "registry+https://github.com/rust-lang/crates.io-index"
checksum = "8eaf5903dcbc0a39312feb77df2ff4c76387d591b9fc7b04a238dcf8bb62639a"
dependencies = [
 "num-traits",
]

[[package]]
name = "chunked_transfer"
version = "1.5.0"
source = "registry+https://github.com/rust-lang/crates.io-index"
checksum = "6e4de3bc4ea267985becf712dc6d9eed8b04c953b3fcfb339ebc87acd9804901"

[[package]]
name = "httpdate"
version = "1.0.3"
source = "registry+https://github.com/rust-lang/crates.io-index"
checksum = "df3b46402a9d5adb4c86a0cf463f42e19994e3ee891101b1841f30a545cb49a9"

[[package]]
name = "libc"
version = "0.2.153"
source = "registry+https://github.com/rust-lang/crates.io-index"
checksum = "9c198f91728a82281a64e1f4f9eeb25d82cb32a5de251c6bd1b5154d63a8e7bd"

[[package]]
name = "log"
version = "0.4.21"
source = "registry+https://github.com/rust-lang/crates.io-index"
checksum = "90ed8c1e510134f979dbc4f070f87d4313098b704861a105fe34231c70a3901c"

[[package]]
name = "num-traits"
version = "0.2.18"
source = "registry+https://github.com/rust-lang/crates.io-index"
checksum = "da0df0e5185db44f69b44f26786fe401b6c293d1907744beaa7fa62b2e5a517a"
dependencies = [
 "autocfg",
]

[[package]]
name = "signal-hook"
version = "0.3.17"
source = "registry+https://github.com/rust-lang/crates.io-index"
checksum = "8621587d4798caf8eb44879d42e56b9a93ea5dcd315a6487c357130095b62801"
dependencies = [
 "libc",
 "signal-hook-registry",
]

[[package]]
name = "signal-hook-registry"
version = "1.4.1"
source = "registry+https://github.com/rust-lang/crates.io-index"
checksum = "d8229b473baa5980ac72ef434c4415e70c4b5e71b423043adb4ba059f89c99a1"
dependencies = [
 "libc",
]

[[package]]
name = "tiny_http"
version = "0.12.0"
source = "registry+https://github.com/rust-lang/crates.io-index"
checksum = "389915df6413a2e74fb181895f933386023c71110878cd0825588928e64cdc82"
dependencies = [
 "ascii",
 "chunked_transfer",
 "httpdate",
 "log",
]
